
Microsoft Visual Studio Solution File, Format Version 12.00
# Visual Studio Version 17
VisualStudioVersion = 17.5.33402.96
MinimumVisualStudioVersion = 10.0.40219.1
Project("{FAE04EC0-301F-11D3-BF4B-00C04F79EFBC}") = "TelegramLibBot", "TelegramLibBot\TelegramLibBot.csproj", "{7FD37D5A-ED40-4E73-9346-B07B04D5FCEE}"
EndProject
Global
	GlobalSection(SolutionConfigurationPlatforms) = preSolution
		Debug|Any CPU = Debug|Any CPU
		Release|Any CPU = Release|Any CPU
	EndGlobalSection
	GlobalSection(ProjectConfigurationPlatforms) = postSolution
		{7FD37D5A-ED40-4E73-9346-B07B04D5FCEE}.Debug|Any CPU.ActiveCfg = Debug|Any CPU
		{7FD37D5A-ED40-4E73-9346-B07B04D5FCEE}.Debug|Any CPU.Build.0 = Debug|Any CPU
		{7FD37D5A-ED40-4E73-9346-B07B04D5FCEE}.Release|Any CPU.ActiveCfg = Release|Any CPU
		{7FD37D5A-ED40-4E73-9346-B07B04D5FCEE}.Release|Any CPU.Build.0 = Release|Any CPU
	EndGlobalSection
	GlobalSection(SolutionProperties) = preSolution
		HideSolutionNode = FALSE
	EndGlobalSection
	GlobalSection(ExtensibilityGlobals) = postSolution
		SolutionGuid = {0F6E33B3-45F8-4712-A4F7-8E8FE3B8599B}
	EndGlobalSection
EndGlobal
